
Microsoft Visual Studio Solution File, Format Version 12.00
# Visual Studio Version 16
VisualStudioVersion = 16.0.30128.74
MinimumVisualStudioVersion = 10.0.40219.1
Project("{8BC9CEB8-8B4A-11D0-8D11-00A0C91BC942}") = "TestNext", "TestNext.vcxproj", "{8B1B18D1-D84C-46DB-9A9C-FBBA0D77D91F}"
EndProject
Global
	GlobalSection(SolutionConfigurationPlatforms) = preSolution
		Debug|x64 = Debug|x64
		Debug|x86 = Debug|x86
		Release|x64 = Release|x64
		Release|x86 = Release|x86
	EndGlobalSection
	GlobalSection(ProjectConfigurationPlatforms) = postSolution
		{8B1B18D1-D84C-46DB-9A9C-FBBA0D77D91F}.Debug|x64.ActiveCfg = Debug|x64
		{8B1B18D1-D84C-46DB-9A9C-FBBA0D77D91F}.Debug|x64.Build.0 = Debug|x64
		{8B1B18D1-D84C-46DB-9A9C-FBBA0D77D91F}.Debug|x86.ActiveCfg = Debug|Win32
		{8B1B18D1-D84C-46DB-9A9C-FBBA0D77D91F}.Debug|x86.Build.0 = Debug|Win32
		{8B1B18D1-D84C-46DB-9A9C-FBBA0D77D91F}.Release|x64.ActiveCfg = Release|x64
		{8B1B18D1-D84C-46DB-9A9C-FBBA0D77D91F}.Release|x64.Build.0 = Release|x64
		{8B1B18D1-D84C-46DB-9A9C-FBBA0D77D91F}.Release|x86.ActiveCfg = Release|Win32
		{8B1B18D1-D84C-46DB-9A9C-FBBA0D77D91F}.Release|x86.Build.0 = Release|Win32
	EndGlobalSection
	GlobalSection(SolutionProperties) = preSolution
		HideSolutionNode = FALSE
	EndGlobalSection
	GlobalSection(ExtensibilityGlobals) = postSolution
		SolutionGuid = {FF4F54CA-072F-4290-89DE-E8B3D5D2BC3C}
	EndGlobalSection
EndGlobal
